{
    "_meta": {
        "hash": {
            "sha256": "fd01e54d74f0929fa6ad4699a050e54fa0608dd832e34ffba6043ee9a28ddeef"
        },
        "pipfile-spec": 6,
        "requires": {
            "python_version": "3.7"
        },
        "sources": [
            {
                "name": "pypi",
                "url": "https://pypi.org/simple",
                "verify_ssl": true
            }
        ]
    },
    "default": {
        "modbus-tk": {
            "hashes": [
                "sha256:893514bbd8c92118d20a19979e0239e7cb2a63f8f1795a0271e57def09d11770"
            ],
            "index": "pypi",
            "version": "==1.1.2"
        },
        "pyserial": {
            "hashes": [
                "sha256:6e2d401fdee0eab996cf734e67773a0143b932772ca8b42451440cfed942c627",
                "sha256:e0770fadba80c31013896c7e6ef703f72e7834965954a78e71a3049488d4d7d8"
            ],
            "version": "==3.4"
        }
    },
    "develop": {}
}
