
Microsoft Visual Studio Solution File, Format Version 12.00
# Visual Studio Version 16
VisualStudioVersion = 16.0.31410.357
MinimumVisualStudioVersion = 10.0.40219.1
Project("{FAE04EC0-301F-11D3-BF4B-00C04F79EFBC}") = "AdoCrud", "AdoCrud\AdoCrud.csproj", "{F04BB24C-4763-4343-9161-A02BFA2193AA}"
EndProject
Global
	GlobalSection(SolutionConfigurationPlatforms) = preSolution
		Debug|Any CPU = Debug|Any CPU
		Release|Any CPU = Release|Any CPU
	EndGlobalSection
	GlobalSection(ProjectConfigurationPlatforms) = postSolution
		{F04BB24C-4763-4343-9161-A02BFA2193AA}.Debug|Any CPU.ActiveCfg = Debug|Any CPU
		{F04BB24C-4763-4343-9161-A02BFA2193AA}.Debug|Any CPU.Build.0 = Debug|Any CPU
		{F04BB24C-4763-4343-9161-A02BFA2193AA}.Release|Any CPU.ActiveCfg = Release|Any CPU
		{F04BB24C-4763-4343-9161-A02BFA2193AA}.Release|Any CPU.Build.0 = Release|Any CPU
	EndGlobalSection
	GlobalSection(SolutionProperties) = preSolution
		HideSolutionNode = FALSE
	EndGlobalSection
	GlobalSection(ExtensibilityGlobals) = postSolution
		SolutionGuid = {3F8213BB-B0AA-4C6C-A72E-D4ED223DBE10}
	EndGlobalSection
EndGlobal
